
Microsoft Visual Studio Solution File, Format Version 12.00
# Visual Studio Version 17
VisualStudioVersion = 17.4.33213.308
MinimumVisualStudioVersion = 10.0.40219.1
Project("{FAE04EC0-301F-11D3-BF4B-00C04F79EFBC}") = "phoneNumber", "phoneNumber.csproj", "{0E994DC6-76DB-4350-B4E1-CFB3E0F2005A}"
EndProject
Global
	GlobalSection(SolutionConfigurationPlatforms) = preSolution
		Debug|Any CPU = Debug|Any CPU
		Release|Any CPU = Release|Any CPU
	EndGlobalSection
	GlobalSection(ProjectConfigurationPlatforms) = postSolution
		{0E994DC6-76DB-4350-B4E1-CFB3E0F2005A}.Debug|Any CPU.ActiveCfg = Debug|Any CPU
		{0E994DC6-76DB-4350-B4E1-CFB3E0F2005A}.Debug|Any CPU.Build.0 = Debug|Any CPU
		{0E994DC6-76DB-4350-B4E1-CFB3E0F2005A}.Release|Any CPU.ActiveCfg = Release|Any CPU
		{0E994DC6-76DB-4350-B4E1-CFB3E0F2005A}.Release|Any CPU.Build.0 = Release|Any CPU
	EndGlobalSection
	GlobalSection(SolutionProperties) = preSolution
		HideSolutionNode = FALSE
	EndGlobalSection
	GlobalSection(ExtensibilityGlobals) = postSolution
		SolutionGuid = {A05DFBD7-677F-4D30-B336-3B63E71A0E0E}
	EndGlobalSection
EndGlobal
